
Microsoft Visual Studio Solution File, Format Version 12.00
# Visual Studio 15
VisualStudioVersion = 15.0.27004.2005
MinimumVisualStudioVersion = 10.0.40219.1
Project("{8BC9CEB8-8B4A-11D0-8D11-00A0C91BC942}") = "程设01", "程设01\程设01.vcxproj", "{847C423F-F3EF-4079-9179-B685ACE830E2}"
EndProject
Project("{8BC9CEB8-8B4A-11D0-8D11-00A0C91BC942}") = "CS_02", "CS_02\CS_02.vcxproj", "{960542A8-DE6B-4B9D-9345-19DF3477DD6E}"
EndProject
Project("{8BC9CEB8-8B4A-11D0-8D11-00A0C91BC942}") = "Algorithm_GPU", "Algorithm_GPU\Algorithm_GPU.vcxproj", "{7B66377F-7186-41C9-A186-056232B0678D}"
EndProject
Project("{8BC9CEB8-8B4A-11D0-8D11-00A0C91BC942}") = "SIMD_try", "SIMD_try\SIMD_try.vcxproj", "{B5780CF3-440B-4612-87C3-DF1F4BCAFE81}"
EndProject
Project("{8BC9CEB8-8B4A-11D0-8D11-00A0C91BC942}") = "newCodeEnvtry", "newCodeEnvtry\newCodeEnvtry.vcxproj", "{B293635A-2DB6-4A59-87F4-A1FDC918B7C8}"
EndProject
Global
	GlobalSection(SolutionConfigurationPlatforms) = preSolution
		Debug|x64 = Debug|x64
		Debug|x86 = Debug|x86
		Release|x64 = Release|x64
		Release|x86 = Release|x86
	EndGlobalSection
	GlobalSection(ProjectConfigurationPlatforms) = postSolution
		{847C423F-F3EF-4079-9179-B685ACE830E2}.Debug|x64.ActiveCfg = Debug|x64
		{847C423F-F3EF-4079-9179-B685ACE830E2}.Debug|x64.Build.0 = Debug|x64
		{847C423F-F3EF-4079-9179-B685ACE830E2}.Debug|x86.ActiveCfg = Debug|Win32
		{847C423F-F3EF-4079-9179-B685ACE830E2}.Debug|x86.Build.0 = Debug|Win32
		{847C423F-F3EF-4079-9179-B685ACE830E2}.Release|x64.ActiveCfg = Release|x64
		{847C423F-F3EF-4079-9179-B685ACE830E2}.Release|x64.Build.0 = Release|x64
		{847C423F-F3EF-4079-9179-B685ACE830E2}.Release|x86.ActiveCfg = Release|Win32
		{847C423F-F3EF-4079-9179-B685ACE830E2}.Release|x86.Build.0 = Release|Win32
		{960542A8-DE6B-4B9D-9345-19DF3477DD6E}.Debug|x64.ActiveCfg = Debug|x64
		{960542A8-DE6B-4B9D-9345-19DF3477DD6E}.Debug|x64.Build.0 = Debug|x64
		{960542A8-DE6B-4B9D-9345-19DF3477DD6E}.Debug|x86.ActiveCfg = Debug|Win32
		{960542A8-DE6B-4B9D-9345-19DF3477DD6E}.Debug|x86.Build.0 = Debug|Win32
		{960542A8-DE6B-4B9D-9345-19DF3477DD6E}.Release|x64.ActiveCfg = Release|x64
		{960542A8-DE6B-4B9D-9345-19DF3477DD6E}.Release|x64.Build.0 = Release|x64
		{960542A8-DE6B-4B9D-9345-19DF3477DD6E}.Release|x86.ActiveCfg = Release|Win32
		{960542A8-DE6B-4B9D-9345-19DF3477DD6E}.Release|x86.Build.0 = Release|Win32
		{7B66377F-7186-41C9-A186-056232B0678D}.Debug|x64.ActiveCfg = Debug|x64
		{7B66377F-7186-41C9-A186-056232B0678D}.Debug|x64.Build.0 = Debug|x64
		{7B66377F-7186-41C9-A186-056232B0678D}.Debug|x86.ActiveCfg = Debug|x64
		{7B66377F-7186-41C9-A186-056232B0678D}.Release|x64.ActiveCfg = Release|x64
		{7B66377F-7186-41C9-A186-056232B0678D}.Release|x64.Build.0 = Release|x64
		{7B66377F-7186-41C9-A186-056232B0678D}.Release|x86.ActiveCfg = Release|x64
		{B5780CF3-440B-4612-87C3-DF1F4BCAFE81}.Debug|x64.ActiveCfg = Debug|x64
		{B5780CF3-440B-4612-87C3-DF1F4BCAFE81}.Debug|x64.Build.0 = Debug|x64
		{B5780CF3-440B-4612-87C3-DF1F4BCAFE81}.Debug|x86.ActiveCfg = Debug|Win32
		{B5780CF3-440B-4612-87C3-DF1F4BCAFE81}.Debug|x86.Build.0 = Debug|Win32
		{B5780CF3-440B-4612-87C3-DF1F4BCAFE81}.Release|x64.ActiveCfg = Release|x64
		{B5780CF3-440B-4612-87C3-DF1F4BCAFE81}.Release|x64.Build.0 = Release|x64
		{B5780CF3-440B-4612-87C3-DF1F4BCAFE81}.Release|x86.ActiveCfg = Release|Win32
		{B5780CF3-440B-4612-87C3-DF1F4BCAFE81}.Release|x86.Build.0 = Release|Win32
		{B293635A-2DB6-4A59-87F4-A1FDC918B7C8}.Debug|x64.ActiveCfg = Debug|x64
		{B293635A-2DB6-4A59-87F4-A1FDC918B7C8}.Debug|x64.Build.0 = Debug|x64
		{B293635A-2DB6-4A59-87F4-A1FDC918B7C8}.Debug|x86.ActiveCfg = Debug|Win32
		{B293635A-2DB6-4A59-87F4-A1FDC918B7C8}.Debug|x86.Build.0 = Debug|Win32
		{B293635A-2DB6-4A59-87F4-A1FDC918B7C8}.Release|x64.ActiveCfg = Release|x64
		{B293635A-2DB6-4A59-87F4-A1FDC918B7C8}.Release|x64.Build.0 = Release|x64
		{B293635A-2DB6-4A59-87F4-A1FDC918B7C8}.Release|x86.ActiveCfg = Release|Win32
		{B293635A-2DB6-4A59-87F4-A1FDC918B7C8}.Release|x86.Build.0 = Release|Win32
	EndGlobalSection
	GlobalSection(SolutionProperties) = preSolution
		HideSolutionNode = FALSE
	EndGlobalSection
	GlobalSection(ExtensibilityGlobals) = postSolution
		SolutionGuid = {1BD96FA1-00E9-41B2-A4DA-4BF26936E413}
	EndGlobalSection
EndGlobal
